{
    "_readme": [
        "This file locks the dependencies of your project to a known state",
        "Read more about it at https://getcomposer.org/doc/01-basic-usage.md#composer-lock-the-lock-file",
        "This file is @generated automatically"
    ],
    "content-hash": "ea1c4482cd8518a3965f65fdd1c7ee18",
    "packages": [
        {
            "name": "ebizmarts/mailchimp-lib",
            "version": "3.0.16",
            "source": {
                "type": "git",
                "url": "https://github.com/ebizmarts/mailchimp-lib.git",
                "reference": "95d6d83c42a68d7cd36359af5ae04268df585644"
            },
            "dist": {
                "type": "zip",
                "url": "https://api.github.com/repos/ebizmarts/mailchimp-lib/zipball/95d6d83c42a68d7cd36359af5ae04268df585644",
                "reference": "95d6d83c42a68d7cd36359af5ae04268df585644",
                "shasum": ""
            },
            "require": {
                "php": ">=5.2.0"
            },
            "type": "library",
            "autoload": {
                "psr-0": {
                    "Mailchimp": "src/"
                }
            },
            "notification-url": "https://packagist.org/downloads/",
            "license": [
                "MIT"
            ],
            "authors": [
                {
                    "name": "Ebizmarts Corp.",
                    "email": "info@ebizmarts.com",
                    "homepage": "http://ebizmarts.com",
                    "role": "Developer"
                }
            ],
            "description": "API client library for the MailChimp",
            "homepage": "https://github.com/ebizmarts/mailchimp-lib",
            "keywords": [
                "api",
                "email",
                "mailchimp"
            ],
            "time": "2017-10-25T14:20:14+00:00"
        }
    ],
    "packages-dev": [],
    "aliases": [],
    "minimum-stability": "stable",
    "stability-flags": [],
    "prefer-stable": false,
    "prefer-lowest": false,
    "platform": [],
    "platform-dev": []
}
